// !$*UTF8*$!
{
	archiveVersion = 1;
	classes = {
	};
	objectVersion = 48;
	objects = {

/* Begin PBXBuildFile section */
		535A21EB1FF7605100E49599 /* AppDelegate.m in Sources */ = {isa = PBXBuildFile; fileRef = 535A21EA1FF7605100E49599 /* AppDelegate.m */; };
		535A21EE1FF7605100E49599 /* ViewController.m in Sources */ = {isa = PBXBuildFile; fileRef = 535A21ED1FF7605100E49599 /* ViewController.m */; };
		535A21F11FF7605100E49599 /* Main.storyboard in Resources */ = {isa = PBXBuildFile; fileRef = 535A21EF1FF7605100E49599 /* Main.storyboard */; };
		535A21F31FF7605100E49599 /* Assets.xcassets in Resources */ = {isa = PBXBuildFile; fileRef = 535A21F21FF7605100E49599 /* Assets.xcassets */; };
		535A21F61FF7605100E49599 /* LaunchScreen.storyboard in Resources */ = {isa = PBXBuildFile; fileRef = 535A21F41FF7605100E49599 /* LaunchScreen.storyboard */; };
		535A21F91FF7605100E49599 /* main.m in Sources */ = {isa = PBXBuildFile; fileRef = 535A21F81FF7605100E49599 /* main.m */; };
		535A22031FF7605100E49599 /* TestAutoTests.m in Sources */ = {isa = PBXBuildFile; fileRef = 535A22021FF7605100E49599 /* TestAutoTests.m */; };
		535A220E1FF7605100E49599 /* TestAutoUITests.m in Sources */ = {isa = PBXBuildFile; fileRef = 535A220D1FF7605100E49599 /* TestAutoUITests.m */; };
/* End PBXBuildFile section */

/* Begin PBXContainerItemProxy section */
		535A21FF1FF7605100E49599 /* PBXContainerItemProxy */ = {
			isa = PBXContainerItemProxy;
			containerPortal = 535A21DE1FF7605100E49599 /* Project object */;
			proxyType = 1;
			remoteGlobalIDString = 535A21E51FF7605100E49599;
			remoteInfo = TestAuto;
		};
		535A220A1FF7605100E49599 /* PBXContainerItemProxy */ = {
			isa = PBXContainerItemProxy;
			containerPortal = 535A21DE1FF7605100E49599 /* Project object */;
			proxyType = 1;
			remoteGlobalIDString = 535A21E51FF7605100E49599;
			remoteInfo = TestAuto;
		};
/* End PBXContainerItemProxy section */

/* Begin PBXFileReference section */
		535A21E61FF7605100E49599 /* TestAuto.app */ = {isa = PBXFileReference; explicitFileType = wrapper.application; includeInIndex = 0; path = TestAuto.app; sourceTree = BUILT_PRODUCTS_DIR; };
		535A21E91FF7605100E49599 /* AppDelegate.h */ = {isa = PBXFileReference; lastKnownFileType = sourcecode.c.h; path = AppDelegate.h; sourceTree = "<group>"; };
		535A21EA1FF7605100E49599 /* AppDelegate.m */ = {isa = PBXFileReference; lastKnownFileType = sourcecode.c.objc; path = AppDelegate.m; sourceTree = "<group>"; };
		535A21EC1FF7605100E49599 /* ViewController.h */ = {isa = PBXFileReference; lastKnownFileType = sourcecode.c.h; path = ViewController.h; sourceTree = "<group>"; };
		535A21ED1FF7605100E49599 /* ViewController.m */ = {isa = PBXFileReference; lastKnownFileType = sourcecode.c.objc; path = ViewController.m; sourceTree = "<group>"; };
		535A21F01FF7605100E49599 /* Base */ = {isa = PBXFileReference; lastKnownFileType = file.storyboard; name = Base; path = Base.lproj/Main.storyboard; sourceTree = "<group>"; };
		535A21F21FF7605100E49599 /* Assets.xcassets */ = {isa = PBXFileReference; lastKnownFileType = folder.assetcatalog; path = Assets.xcassets; sourceTree = "<group>"; };
		535A21F51FF7605100E49599 /* Base */ = {isa = PBXFileReference; lastKnownFileType = file.storyboard; name = Base; path = Base.lproj/LaunchScreen.storyboard; sourceTree = "<group>"; };
		535A21F71FF7605100E49599 /* Info.plist */ = {isa = PBXFileReference; lastKnownFileType = text.plist.xml; path = Info.plist; sourceTree = "<group>"; };
		535A21F81FF7605100E49599 /* main.m */ = {isa = PBXFileReference; lastKnownFileType = sourcecode.c.objc; path = main.m; sourceTree = "<group>"; };
		535A21FE1FF7605100E49599 /* TestAutoTests.xctest */ = {isa = PBXFileReference; explicitFileType = wrapper.cfbundle; includeInIndex = 0; path = TestAutoTests.xctest; sourceTree = BUILT_PRODUCTS_DIR; };
		535A22021FF7605100E49599 /* TestAutoTests.m */ = {isa = PBXFileReference; lastKnownFileType = sourcecode.c.objc; path = TestAutoTests.m; sourceTree = "<group>"; };
		535A22041FF7605100E49599 /* Info.plist */ = {isa = PBXFileReference; lastKnownFileType = text.plist.xml; path = Info.plist; sourceTree = "<group>"; };
		535A22091FF7605100E49599 /* TestAutoUITests.xctest */ = {isa = PBXFileReference; explicitFileType = wrapper.cfbundle; includeInIndex = 0; path = TestAutoUITests.xctest; sourceTree = BUILT_PRODUCTS_DIR; };
		535A220D1FF7605100E49599 /* TestAutoUITests.m */ = {isa = PBXFileReference; lastKnownFileType = sourcecode.c.objc; path = TestAutoUITests.m; sourceTree = "<group>"; };
		535A220F1FF7605100E49599 /* Info.plist */ = {isa = PBXFileReference; lastKnownFileType = text.plist.xml; path = Info.plist; sourceTree = "<group>"; };
/* End PBXFileReference section */

/* Begin PBXFrameworksBuildPhase section */
		535A21E31FF7605100E49599 /* Frameworks */ = {
			isa = PBXFrameworksBuildPhase;
			buildActionMask = 2147483647;
			files = (
			);
			runOnlyForDeploymentPostprocessing = 0;
		};
		535A21FB1FF7605100E49599 /* Frameworks */ = {
			isa = PBXFrameworksBuildPhase;
			buildActionMask = 2147483647;
			files = (
			);
			runOnlyForDeploymentPostprocessing = 0;
		};
		535A22061FF7605100E49599 /* Frameworks */ = {
			isa = PBXFrameworksBuildPhase;
			buildActionMask = 2147483647;
			files = (
			);
			runOnlyForDeploymentPostprocessing = 0;
		};
/* End PBXFrameworksBuildPhase section */

/* Begin PBXGroup section */
		535A21DD1FF7605100E49599 = {
			isa = PBXGroup;
			children = (
				535A21E81FF7605100E49599 /* TestAuto */,
				535A22011FF7605100E49599 /* TestAutoTests */,
				535A220C1FF7605100E49599 /* TestAutoUITests */,
				535A21E71FF7605100E49599 /* Products */,
			);
			sourceTree = "<group>";
		};
		535A21E71FF7605100E49599 /* Products */ = {
			isa = PBXGroup;
			children = (
				535A21E61FF7605100E49599 /* TestAuto.app */,
				535A21FE1FF7605100E49599 /* TestAutoTests.xctest */,
				535A22091FF7605100E49599 /* TestAutoUITests.xctest */,
			);
			name = Products;
			sourceTree = "<group>";
		};
		535A21E81FF7605100E49599 /* TestAuto */ = {
			isa = PBXGroup;
			children = (
				535A21E91FF7605100E49599 /* AppDelegate.h */,
				535A21EA1FF7605100E49599 /* AppDelegate.m */,
				535A21EC1FF7605100E49599 /* ViewController.h */,
				535A21ED1FF7605100E49599 /* ViewController.m */,
				535A21EF1FF7605100E49599 /* Main.storyboard */,
				535A21F21FF7605100E49599 /* Assets.xcassets */,
				535A21F41FF7605100E49599 /* LaunchScreen.storyboard */,
				535A21F71FF7605100E49599 /* Info.plist */,
				535A21F81FF7605100E49599 /* main.m */,
			);
			path = TestAuto;
			sourceTree = "<group>";
		};
		535A22011FF7605100E49599 /* TestAutoTests */ = {
			isa = PBXGroup;
			children = (
				535A22021FF7605100E49599 /* TestAutoTests.m */,
				535A22041FF7605100E49599 /* Info.plist */,
			);
			path = TestAutoTests;
			sourceTree = "<group>";
		};
		535A220C1FF7605100E49599 /* TestAutoUITests */ = {
			isa = PBXGroup;
			children = (
				535A220D1FF7605100E49599 /* TestAutoUITests.m */,
				535A220F1FF7605100E49599 /* Info.plist */,
			);
			path = TestAutoUITests;
			sourceTree = "<group>";
		};
/* End PBXGroup section */

/* Begin PBXNativeTarget section */
		535A21E51FF7605100E49599 /* TestAuto */ = {
			isa = PBXNativeTarget;
			buildConfigurationList = 535A22121FF7605100E49599 /* Build configuration list for PBXNativeTarget "TestAuto" */;
			buildPhases = (
				535A21E21FF7605100E49599 /* Sources */,
				535A21E31FF7605100E49599 /* Frameworks */,
				535A21E41FF7605100E49599 /* Resources */,
			);
			buildRules = (
			);
			dependencies = (
			);
			name = TestAuto;
			productName = TestAuto;
			productReference = 535A21E61FF7605100E49599 /* TestAuto.app */;
			productType = "com.apple.product-type.application";
		};
		535A21FD1FF7605100E49599 /* TestAutoTests */ = {
			isa = PBXNativeTarget;
			buildConfigurationList = 535A22151FF7605100E49599 /* Build configuration list for PBXNativeTarget "TestAutoTests" */;
			buildPhases = (
				535A21FA1FF7605100E49599 /* Sources */,
				535A21FB1FF7605100E49599 /* Frameworks */,
				535A21FC1FF7605100E49599 /* Resources */,
			);
			buildRules = (
			);
			dependencies = (
				535A22001FF7605100E49599 /* PBXTargetDependency */,
			);
			name = TestAutoTests;
			productName = TestAutoTests;
			productReference = 535A21FE1FF7605100E49599 /* TestAutoTests.xctest */;
			productType = "com.apple.product-type.bundle.unit-test";
		};
		535A22081FF7605100E49599 /* TestAutoUITests */ = {
			isa = PBXNativeTarget;
			buildConfigurationList = 535A22181FF7605100E49599 /* Build configuration list for PBXNativeTarget "TestAutoUITests" */;
			buildPhases = (
				535A22051FF7605100E49599 /* Sources */,
				535A22061FF7605100E49599 /* Frameworks */,
				535A22071FF7605100E49599 /* Resources */,
			);
			buildRules = (
			);
			dependencies = (
				535A220B1FF7605100E49599 /* PBXTargetDependency */,
			);
			name = TestAutoUITests;
			productName = TestAutoUITests;
			productReference = 535A22091FF7605100E49599 /* TestAutoUITests.xctest */;
			productType = "com.apple.product-type.bundle.ui-testing";
		};
/* End PBXNativeTarget section */

/* Begin PBXProject section */
		535A21DE1FF7605100E49599 /* Project object */ = {
			isa = PBXProject;
			attributes = {
				LastUpgradeCheck = 0900;
				ORGANIZATIONNAME = "XingFei_韦荣炽";
				TargetAttributes = {
					535A21E51FF7605100E49599 = {
						CreatedOnToolsVersion = 9.0.1;
						ProvisioningStyle = Automatic;
					};
					535A21FD1FF7605100E49599 = {
						CreatedOnToolsVersion = 9.0.1;
						ProvisioningStyle = Automatic;
						TestTargetID = 535A21E51FF7605100E49599;
					};
					535A22081FF7605100E49599 = {
						CreatedOnToolsVersion = 9.0.1;
						ProvisioningStyle = Automatic;
						TestTargetID = 535A21E51FF7605100E49599;
					};
				};
			};
			buildConfigurationList = 535A21E11FF7605100E49599 /* Build configuration list for PBXProject "TestAuto" */;
			compatibilityVersion = "Xcode 8.0";
			developmentRegion = en;
			hasScannedForEncodings = 0;
			knownRegions = (
				en,
				Base,
			);
			mainGroup = 535A21DD1FF7605100E49599;
			productRefGroup = 535A21E71FF7605100E49599 /* Products */;
			projectDirPath = "";
			projectRoot = "";
			targets = (
				535A21E51FF7605100E49599 /* TestAuto */,
				535A21FD1FF7605100E49599 /* TestAutoTests */,
				535A22081FF7605100E49599 /* TestAutoUITests */,
			);
		};
/* End PBXProject section */

/* Begin PBXResourcesBuildPhase section */
		535A21E41FF7605100E49599 /* Resources */ = {
			isa = PBXResourcesBuildPhase;
			buildActionMask = 2147483647;
			files = (
				535A21F61FF7605100E49599 /* LaunchScreen.storyboard in Resources */,
				535A21F31FF7605100E49599 /* Assets.xcassets in Resources */,
				535A21F11FF7605100E49599 /* Main.storyboard in Resources */,
			);
			runOnlyForDeploymentPostprocessing = 0;
		};
		535A21FC1FF7605100E49599 /* Resources */ = {
			isa = PBXResourcesBuildPhase;
			buildActionMask = 2147483647;
			files = (
			);
			runOnlyForDeploymentPostprocessing = 0;
		};
		535A22071FF7605100E49599 /* Resources */ = {
			isa = PBXResourcesBuildPhase;
			buildActionMask = 2147483647;
			files = (
			);
			runOnlyForDeploymentPostprocessing = 0;
		};
/* End PBXResourcesBuildPhase section */

/* Begin PBXSourcesBuildPhase section */
		535A21E21FF7605100E49599 /* Sources */ = {
			isa = PBXSourcesBuildPhase;
			buildActionMask = 2147483647;
			files = (
				535A21EE1FF7605100E49599 /* ViewController.m in Sources */,
				535A21F91FF7605100E49599 /* main.m in Sources */,
				535A21EB1FF7605100E49599 /* AppDelegate.m in Sources */,
			);
			runOnlyForDeploymentPostprocessing = 0;
		};
		535A21FA1FF7605100E49599 /* Sources */ = {
			isa = PBXSourcesBuildPhase;
			buildActionMask = 2147483647;
			files = (
				535A22031FF7605100E49599 /* TestAutoTests.m in Sources */,
			);
			runOnlyForDeploymentPostprocessing = 0;
		};
		535A22051FF7605100E49599 /* Sources */ = {
			isa = PBXSourcesBuildPhase;
			buildActionMask = 2147483647;
			files = (
				535A220E1FF7605100E49599 /* TestAutoUITests.m in Sources */,
			);
			runOnlyForDeploymentPostprocessing = 0;
		};
/* End PBXSourcesBuildPhase section */

/* Begin PBXTargetDependency section */
		535A22001FF7605100E49599 /* PBXTargetDependency */ = {
			isa = PBXTargetDependency;
			target = 535A21E51FF7605100E49599 /* TestAuto */;
			targetProxy = 535A21FF1FF7605100E49599 /* PBXContainerItemProxy */;
		};
		535A220B1FF7605100E49599 /* PBXTargetDependency */ = {
			isa = PBXTargetDependency;
			target = 535A21E51FF7605100E49599 /* TestAuto */;
			targetProxy = 535A220A1FF7605100E49599 /* PBXContainerItemProxy */;
		};
/* End PBXTargetDependency section */

/* Begin PBXVariantGroup section */
		535A21EF1FF7605100E49599 /* Main.storyboard */ = {
			isa = PBXVariantGroup;
			children = (
				535A21F01FF7605100E49599 /* Base */,
			);
			name = Main.storyboard;
			sourceTree = "<group>";
		};
		535A21F41FF7605100E49599 /* LaunchScreen.storyboard */ = {
			isa = PBXVariantGroup;
			children = (
				535A21F51FF7605100E49599 /* Base */,
			);
			name = LaunchScreen.storyboard;
			sourceTree = "<group>";
		};
/* End PBXVariantGroup section */

/* Begin XCBuildConfiguration section */
		535A22101FF7605100E49599 /* Debug */ = {
			isa = XCBuildConfiguration;
			buildSettings = {
				ALWAYS_SEARCH_USER_PATHS = NO;
				CLANG_ANALYZER_NONNULL = YES;
				CLANG_ANALYZER_NUMBER_OBJECT_CONVERSION = YES_AGGRESSIVE;
				CLANG_CXX_LANGUAGE_STANDARD = "gnu++14";
				CLANG_CXX_LIBRARY = "libc++";
				CLANG_ENABLE_MODULES = YES;
				CLANG_ENABLE_OBJC_ARC = YES;
				CLANG_WARN_BLOCK_CAPTURE_AUTORELEASING = YES;
				CLANG_WARN_BOOL_CONVERSION = YES;
				CLANG_WARN_COMMA = YES;
				CLANG_WARN_CONSTANT_CONVERSION = YES;
				CLANG_WARN_DIRECT_OBJC_ISA_USAGE = YES_ERROR;
				CLANG_WARN_DOCUMENTATION_COMMENTS = YES;
				CLANG_WARN_EMPTY_BODY = YES;
				CLANG_WARN_ENUM_CONVERSION = YES;
				CLANG_WARN_INFINITE_RECURSION = YES;
				CLANG_WARN_INT_CONVERSION = YES;
				CLANG_WARN_NON_LITERAL_NULL_CONVERSION = YES;
				CLANG_WARN_OBJC_LITERAL_CONVERSION = YES;
				CLANG_WARN_OBJC_ROOT_CLASS = YES_ERROR;
				CLANG_WARN_RANGE_LOOP_ANALYSIS = YES;
				CLANG_WARN_STRICT_PROTOTYPES = YES;
				CLANG_WARN_SUSPICIOUS_MOVE = YES;
				CLANG_WARN_UNGUARDED_AVAILABILITY = YES_AGGRESSIVE;
				CLANG_WARN_UNREACHABLE_CODE = YES;
				CLANG_WARN__DUPLICATE_METHOD_MATCH = YES;
				CODE_SIGN_IDENTITY = "iPhone Developer";
				COPY_PHASE_STRIP = NO;
				DEBUG_INFORMATION_FORMAT = dwarf;
				ENABLE_STRICT_OBJC_MSGSEND = YES;
				ENABLE_TESTABILITY = YES;
				GCC_C_LANGUAGE_STANDARD = gnu11;
				GCC_DYNAMIC_NO_PIC = NO;
				GCC_NO_COMMON_BLOCKS = YES;
				GCC_OPTIMIZATION_LEVEL = 0;
				GCC_PREPROCESSOR_DEFINITIONS = (
					"DEBUG=1",
					"$(inherited)",
				);
				GCC_WARN_64_TO_32_BIT_CONVERSION = YES;
				GCC_WARN_ABOUT_RETURN_TYPE = YES_ERROR;
				GCC_WARN_UNDECLARED_SELECTOR = YES;
				GCC_WARN_UNINITIALIZED_AUTOS = YES_AGGRESSIVE;
				GCC_WARN_UNUSED_FUNCTION = YES;
				GCC_WARN_UNUSED_VARIABLE = YES;
				IPHONEOS_DEPLOYMENT_TARGET = 11.0;
				MTL_ENABLE_DEBUG_INFO = YES;
				ONLY_ACTIVE_ARCH = YES;
				SDKROOT = iphoneos;
			};
			name = Debug;
		};
		535A22111FF7605100E49599 /* Release */ = {
			isa = XCBuildConfiguration;
			buildSettings = {
				ALWAYS_SEARCH_USER_PATHS = NO;
				CLANG_ANALYZER_NONNULL = YES;
				CLANG_ANALYZER_NUMBER_OBJECT_CONVERSION = YES_AGGRESSIVE;
				CLANG_CXX_LANGUAGE_STANDARD = "gnu++14";
				CLANG_CXX_LIBRARY = "libc++";
				CLANG_ENABLE_MODULES = YES;
				CLANG_ENABLE_OBJC_ARC = YES;
				CLANG_WARN_BLOCK_CAPTURE_AUTORELEASING = YES;
				CLANG_WARN_BOOL_CONVERSION = YES;
				CLANG_WARN_COMMA = YES;
				CLANG_WARN_CONSTANT_CONVERSION = YES;
				CLANG_WARN_DIRECT_OBJC_ISA_USAGE = YES_ERROR;
				CLANG_WARN_DOCUMENTATION_COMMENTS = YES;
				CLANG_WARN_EMPTY_BODY = YES;
				CLANG_WARN_ENUM_CONVERSION = YES;
				CLANG_WARN_INFINITE_RECURSION = YES;
				CLANG_WARN_INT_CONVERSION = YES;
				CLANG_WARN_NON_LITERAL_NULL_CONVERSION = YES;
				CLANG_WARN_OBJC_LITERAL_CONVERSION = YES;
				CLANG_WARN_OBJC_ROOT_CLASS = YES_ERROR;
				CLANG_WARN_RANGE_LOOP_ANALYSIS = YES;
				CLANG_WARN_STRICT_PROTOTYPES = YES;
				CLANG_WARN_SUSPICIOUS_MOVE = YES;
				CLANG_WARN_UNGUARDED_AVAILABILITY = YES_AGGRESSIVE;
				CLANG_WARN_UNREACHABLE_CODE = YES;
				CLANG_WARN__DUPLICATE_METHOD_MATCH = YES;
				CODE_SIGN_IDENTITY = "iPhone Developer";
				COPY_PHASE_STRIP = NO;
				DEBUG_INFORMATION_FORMAT = "dwarf-with-dsym";
				ENABLE_NS_ASSERTIONS = NO;
				ENABLE_STRICT_OBJC_MSGSEND = YES;
				GCC_C_LANGUAGE_STANDARD = gnu11;
				GCC_NO_COMMON_BLOCKS = YES;
				GCC_WARN_64_TO_32_BIT_CONVERSION = YES;
				GCC_WARN_ABOUT_RETURN_TYPE = YES_ERROR;
				GCC_WARN_UNDECLARED_SELECTOR = YES;
				GCC_WARN_UNINITIALIZED_AUTOS = YES_AGGRESSIVE;
				GCC_WARN_UNUSED_FUNCTION = YES;
				GCC_WARN_UNUSED_VARIABLE = YES;
				IPHONEOS_DEPLOYMENT_TARGET = 11.0;
				MTL_ENABLE_DEBUG_INFO = NO;
				SDKROOT = iphoneos;
				VALIDATE_PRODUCT = YES;
			};
			name = Release;
		};
		535A22131FF7605100E49599 /* Debug */ = {
			isa = XCBuildConfiguration;
			buildSettings = {
				ASSETCATALOG_COMPILER_APPICON_NAME = AppIcon;
				CODE_SIGN_STYLE = Automatic;
				DEVELOPMENT_TEAM = 7CYHJSGED6;
				INFOPLIST_FILE = TestAuto/Info.plist;
				IPHONEOS_DEPLOYMENT_TARGET = 8.0;
				LD_RUNPATH_SEARCH_PATHS = "$(inherited) @executable_path/Frameworks";
				PRODUCT_BUNDLE_IDENTIFIER = com.heijingvr.interrView;
				PRODUCT_NAME = "$(TARGET_NAME)";
				TARGETED_DEVICE_FAMILY = "1,2";
			};
			name = Debug;
		};
		535A22141FF7605100E49599 /* Release */ = {
			isa = XCBuildConfiguration;
			buildSettings = {
				ASSETCATALOG_COMPILER_APPICON_NAME = AppIcon;
				CODE_SIGN_STYLE = Automatic;
				DEVELOPMENT_TEAM = 7CYHJSGED6;
				INFOPLIST_FILE = TestAuto/Info.plist;
				IPHONEOS_DEPLOYMENT_TARGET = 8.0;
				LD_RUNPATH_SEARCH_PATHS = "$(inherited) @executable_path/Frameworks";
				PRODUCT_BUNDLE_IDENTIFIER = com.heijingvr.interrView;
				PRODUCT_NAME = "$(TARGET_NAME)";
				TARGETED_DEVICE_FAMILY = "1,2";
			};
			name = Release;
		};
		535A22161FF7605100E49599 /* Debug */ = {
			isa = XCBuildConfiguration;
			buildSettings = {
				BUNDLE_LOADER = "$(TEST_HOST)";
				CODE_SIGN_STYLE = Automatic;
				INFOPLIST_FILE = TestAutoTests/Info.plist;
				LD_RUNPATH_SEARCH_PATHS = "$(inherited) @executable_path/Frameworks @loader_path/Frameworks";
				PRODUCT_BUNDLE_IDENTIFIER = "XingFei----.TestAutoTests";
				PRODUCT_NAME = "$(TARGET_NAME)";
				TARGETED_DEVICE_FAMILY = "1,2";
				TEST_HOST = "$(BUILT_PRODUCTS_DIR)/TestAuto.app/TestAuto";
			};
			name = Debug;
		};
		535A22171FF7605100E49599 /* Release */ = {
			isa = XCBuildConfiguration;
			buildSettings = {
				BUNDLE_LOADER = "$(TEST_HOST)";
				CODE_SIGN_STYLE = Automatic;
				INFOPLIST_FILE = TestAutoTests/Info.plist;
				LD_RUNPATH_SEARCH_PATHS = "$(inherited) @executable_path/Frameworks @loader_path/Frameworks";
				PRODUCT_BUNDLE_IDENTIFIER = "XingFei----.TestAutoTests";
				PRODUCT_NAME = "$(TARGET_NAME)";
				TARGETED_DEVICE_FAMILY = "1,2";
				TEST_HOST = "$(BUILT_PRODUCTS_DIR)/TestAuto.app/TestAuto";
			};
			name = Release;
		};
		535A22191FF7605100E49599 /* Debug */ = {
			isa = XCBuildConfiguration;
			buildSettings = {
				CODE_SIGN_STYLE = Automatic;
				INFOPLIST_FILE = TestAutoUITests/Info.plist;
				LD_RUNPATH_SEARCH_PATHS = "$(inherited) @executable_path/Frameworks @loader_path/Frameworks";
				PRODUCT_BUNDLE_IDENTIFIER = "XingFei----.TestAutoUITests";
				PRODUCT_NAME = "$(TARGET_NAME)";
				TARGETED_DEVICE_FAMILY = "1,2";
				TEST_TARGET_NAME = TestAuto;
			};
			name = Debug;
		};
		535A221A1FF7605100E49599 /* Release */ = {
			isa = XCBuildConfiguration;
			buildSettings = {
				CODE_SIGN_STYLE = Automatic;
				INFOPLIST_FILE = TestAutoUITests/Info.plist;
				LD_RUNPATH_SEARCH_PATHS = "$(inherited) @executable_path/Frameworks @loader_path/Frameworks";
				PRODUCT_BUNDLE_IDENTIFIER = "XingFei----.TestAutoUITests";
				PRODUCT_NAME = "$(TARGET_NAME)";
				TARGETED_DEVICE_FAMILY = "1,2";
				TEST_TARGET_NAME = TestAuto;
			};
			name = Release;
		};
/* End XCBuildConfiguration section */

/* Begin XCConfigurationList section */
		535A21E11FF7605100E49599 /* Build configuration list for PBXProject "TestAuto" */ = {
			isa = XCConfigurationList;
			buildConfigurations = (
				535A22101FF7605100E49599 /* Debug */,
				535A22111FF7605100E49599 /* Release */,
			);
			defaultConfigurationIsVisible = 0;
			defaultConfigurationName = Release;
		};
		535A22121FF7605100E49599 /* Build configuration list for PBXNativeTarget "TestAuto" */ = {
			isa = XCConfigurationList;
			buildConfigurations = (
				535A22131FF7605100E49599 /* Debug */,
				535A22141FF7605100E49599 /* Release */,
			);
			defaultConfigurationIsVisible = 0;
			defaultConfigurationName = Release;
		};
		535A22151FF7605100E49599 /* Build configuration list for PBXNativeTarget "TestAutoTests" */ = {
			isa = XCConfigurationList;
			buildConfigurations = (
				535A22161FF7605100E49599 /* Debug */,
				535A22171FF7605100E49599 /* Release */,
			);
			defaultConfigurationIsVisible = 0;
			defaultConfigurationName = Release;
		};
		535A22181FF7605100E49599 /* Build configuration list for PBXNativeTarget "TestAutoUITests" */ = {
			isa = XCConfigurationList;
			buildConfigurations = (
				535A22191FF7605100E49599 /* Debug */,
				535A221A1FF7605100E49599 /* Release */,
			);
			defaultConfigurationIsVisible = 0;
			defaultConfigurationName = Release;
		};
/* End XCConfigurationList section */
	};
	rootObject = 535A21DE1FF7605100E49599 /* Project object */;
}
